
Microsoft Visual Studio Solution File, Format Version 12.00
# Visual Studio Version 16
VisualStudioVersion = 16.0.31515.178
MinimumVisualStudioVersion = 10.0.40219.1
Project("{FAE04EC0-301F-11D3-BF4B-00C04F79EFBC}") = "FindMaximumNumber", "FindMaximumNumber\FindMaximumNumber.csproj", "{C5349F62-FC76-4B50-89CE-6055AB6D5259}"
EndProject
Global
	GlobalSection(SolutionConfigurationPlatforms) = preSolution
		Debug|Any CPU = Debug|Any CPU
		Release|Any CPU = Release|Any CPU
	EndGlobalSection
	GlobalSection(ProjectConfigurationPlatforms) = postSolution
		{C5349F62-FC76-4B50-89CE-6055AB6D5259}.Debug|Any CPU.ActiveCfg = Debug|Any CPU
		{C5349F62-FC76-4B50-89CE-6055AB6D5259}.Debug|Any CPU.Build.0 = Debug|Any CPU
		{C5349F62-FC76-4B50-89CE-6055AB6D5259}.Release|Any CPU.ActiveCfg = Release|Any CPU
		{C5349F62-FC76-4B50-89CE-6055AB6D5259}.Release|Any CPU.Build.0 = Release|Any CPU
	EndGlobalSection
	GlobalSection(SolutionProperties) = preSolution
		HideSolutionNode = FALSE
	EndGlobalSection
	GlobalSection(ExtensibilityGlobals) = postSolution
		SolutionGuid = {FF912000-3B46-49D2-A2A8-B805DDDB8BCE}
	EndGlobalSection
EndGlobal
